{
  "requires": true,
  "lockfileVersion": 1,
  "dependencies": {
    "image-tools": {
      "version": "1.1.2",
      "resolved": "https://registry.npmjs.org/image-tools/-/image-tools-1.1.2.tgz",
      "integrity": "sha512-LFNAy2UgAJfb+J0W8X1TYR5qtSSpROAKL/v8vlijexjQHYJLnTwNqacsuB7/NA1F77ozyz/NEJzkYw4BuAZZGg=="
    },
    "x2js": {
      "version": "3.2.6",
      "resolved": "https://registry.npmjs.org/x2js/-/x2js-3.2.6.tgz",
      "integrity": "sha512-AtIflg7LRYhayFwujlyujD0qi9C9XwMkV6fHFOhc6FPqTvuVSDbUeFimbd91zO9QophYJsnaW4mz6p/U/MQ9rA==",
      "requires": {
        "xmldom": "0.1.27"
      }
    },
    "xmldom": {
      "version": "0.1.27",
      "resolved": "https://registry.npmjs.org/xmldom/-/xmldom-0.1.27.tgz",
      "integrity": "sha1-1QH5ezvbQDr4757MIFcxh6rawOk="
    }
  }
}
